{
  "nodes": {
    "nixpkgs": {
      "locked": {
        "lastModified": 1791179034,
        "narHash": "sha256-Ni0LBydzaCi8oek12r4mVreuFHqYlM1eTD6SfiENKfw=",
        "owner": "NixOS",
        "repo": "nixpkgs",
        "rev": "494ce7fd23ff6a5dff39e1fb11e9b6f2ac74bf25",
        "type": "github"
      },
      "original": {
        "owner": "NixOS",
        "ref": "nixos-unstable",
        "repo": "nixpkgs",
        "type": "github"
      }
    },
    "nixpkgs-libxml2": {
      "locked": {
        "lastModified": 1751274312,
        "narHash": "sha256-/bVBlRpECLVzjV19t5KMdMFWSwKLtb5RyXdjz3LJT+g=",
        "owner": "NixOS",
        "repo": "nixpkgs",
        "rev": "50ab793786d9de88ee30ec4e4c24fb4236fc2674",
        "type": "github"
      },
      "original": {
        "owner": "NixOS",
        "ref": "nixos-24.11",
        "repo": "nixpkgs",
        "type": "github"
      }
    },
    "numen": {
      "inputs": {
        "nixpkgs": [
          "vicinae",
          "nixpkgs"
        ]
      },
      "locked": {
        "lastModified": 1790166579,
        "narHash": "sha256-+mz4dMdNgEx/GfGophP2B1WCrWonBrFFM1cF+pEz2h8=",
        "owner": "vicinaehq",
        "repo": "numen",
        "rev": "7db7b2069412d3f6bed4b0cf83167c7ad413f231",
        "type": "github"
      },
      "original": {
        "owner": "vicinaehq",
        "ref": "v0.7.0",
        "repo": "numen",
        "type": "github"
      }
    },
    "root": {
      "inputs": {
        "nixpkgs": "nixpkgs",
        "vicinae": "vicinae"
      }
    },
    "soulver-cpp": {
      "inputs": {
        "nixpkgs": [
          "vicinae",
          "nixpkgs"
        ],
        "nixpkgs-libxml2": "nixpkgs-libxml2"
      },
      "locked": {
        "lastModified": 1783621734,
        "narHash": "sha256-YBFO+aurlz2y2hTRN1Kl0RjX6JzHn0mYBmt4zb436Yg=",
        "owner": "vicinaehq",
        "repo": "soulver-cpp",
        "rev": "00e926e2bd03118638c88981f6a67bfa107210c2",
        "type": "github"
      },
      "original": {
        "owner": "vicinaehq",
        "repo": "soulver-cpp",
        "type": "github"
      }
    },
    "systems": {
      "locked": {
        "lastModified": 1681028828,
        "narHash": "sha256-Vy1rq5AaRuLzOxct8nz4T6wlgyUR7zLU309k9mBC768=",
        "owner": "nix-systems",
        "repo": "default",
        "rev": "da67096a3b9bf56a91d16901293e51ba5b49a27e",
        "type": "github"
      },
      "original": {
        "owner": "nix-systems",
        "repo": "default",
        "type": "github"
      }
    },
    "vicinae": {
      "inputs": {
        "nixpkgs": [
          "nixpkgs"
        ],
        "numen": "numen",
        "soulver-cpp": "soulver-cpp",
        "systems": "systems"
      },
      "locked": {
        "lastModified": 1791201103,
        "narHash": "sha256-IKLp7HJdxngMT1DkF9YMh73xfg2rGqfdoYsw0shsXpM=",
        "owner": "vicinaehq",
        "repo": "vicinae",
        "rev": "d53a08eb9d83782d14c6800677e05e99cf3ae804",
        "type": "github"
      },
      "original": {
        "owner": "vicinaehq",
        "repo": "vicinae",
        "type": "github"
      }
    }
  },
  "root": "root",
  "version": 7
}
